PODS:
  - HMSSDK (0.5.3):
    - HMSWebRTC (= 1.0.5113)
  - HMSWebRTC (1.0.5113)
  - Starscream (4.0.8)

DEPENDENCIES:
  - HMSSDK
  - Starscream (~> 4.0.8)

SPEC REPOS:
  trunk:
    - HMSSDK
    - HMSWebRTC
    - Starscream

SPEC CHECKSUMS:
  HMSSDK: 5dd09ec0438539722122e0970dce43e67471c6ab
  HMSWebRTC: 6bd851709766bf4b28fd89046a65654e86741aed
  Starscream: 19b5533ddb925208db698f0ac508a100b884a1b9

PODFILE CHECKSUM: eb72bb8ef330526f2b3a860a65b419d4b4b05389

COCOAPODS: 1.15.2
